
Microsoft Visual Studio Solution File, Format Version 12.00
# Visual Studio 14
VisualStudioVersion = 14.0.25420.1
MinimumVisualStudioVersion = 10.0.40219.1
Project("{FAE04EC0-301F-11D3-BF4B-00C04F79EFBC}") = "Homework3_1", "Homework3_1\Homework3_1.csproj", "{A3F5A604-EDC8-4C0C-A17B-4123B8B815DC}"
EndProject
Project("{FAE04EC0-301F-11D3-BF4B-00C04F79EFBC}") = "Homework3_2", "ConsoleApplication1\Homework3_2.csproj", "{35A55807-9619-49D0-84BF-2524F3B80FDB}"
EndProject
Global
	GlobalSection(SolutionConfigurationPlatforms) = preSolution
		Debug|Any CPU = Debug|Any CPU
		Release|Any CPU = Release|Any CPU
	EndGlobalSection
	GlobalSection(ProjectConfigurationPlatforms) = postSolution
		{A3F5A604-EDC8-4C0C-A17B-4123B8B815DC}.Debug|Any CPU.ActiveCfg = Debug|Any CPU
		{A3F5A604-EDC8-4C0C-A17B-4123B8B815DC}.Debug|Any CPU.Build.0 = Debug|Any CPU
		{A3F5A604-EDC8-4C0C-A17B-4123B8B815DC}.Release|Any CPU.ActiveCfg = Release|Any CPU
		{A3F5A604-EDC8-4C0C-A17B-4123B8B815DC}.Release|Any CPU.Build.0 = Release|Any CPU
		{35A55807-9619-49D0-84BF-2524F3B80FDB}.Debug|Any CPU.ActiveCfg = Debug|Any CPU
		{35A55807-9619-49D0-84BF-2524F3B80FDB}.Debug|Any CPU.Build.0 = Debug|Any CPU
		{35A55807-9619-49D0-84BF-2524F3B80FDB}.Release|Any CPU.ActiveCfg = Release|Any CPU
		{35A55807-9619-49D0-84BF-2524F3B80FDB}.Release|Any CPU.Build.0 = Release|Any CPU
	EndGlobalSection
	GlobalSection(SolutionProperties) = preSolution
		HideSolutionNode = FALSE
	EndGlobalSection
EndGlobal
